
Microsoft Visual Studio Solution File, Format Version 12.00
# Visual Studio Version 16
VisualStudioVersion = 16.0.29503.13
MinimumVisualStudioVersion = 10.0.40219.1
Project("{FAE04EC0-301F-11D3-BF4B-00C04F79EFBC}") = "Producer", "Producer\Producer.csproj", "{77CA0BBE-5A8D-4FC2-90C9-0147DCB578DD}"
EndProject
Global
	GlobalSection(SolutionConfigurationPlatforms) = preSolution
		Debug|Any CPU = Debug|Any CPU
		Release|Any CPU = Release|Any CPU
	EndGlobalSection
	GlobalSection(ProjectConfigurationPlatforms) = postSolution
		{77CA0BBE-5A8D-4FC2-90C9-0147DCB578DD}.Debug|Any CPU.ActiveCfg = Debug|Any CPU
		{77CA0BBE-5A8D-4FC2-90C9-0147DCB578DD}.Debug|Any CPU.Build.0 = Debug|Any CPU
		{77CA0BBE-5A8D-4FC2-90C9-0147DCB578DD}.Release|Any CPU.ActiveCfg = Release|Any CPU
		{77CA0BBE-5A8D-4FC2-90C9-0147DCB578DD}.Release|Any CPU.Build.0 = Release|Any CPU
	EndGlobalSection
	GlobalSection(SolutionProperties) = preSolution
		HideSolutionNode = FALSE
	EndGlobalSection
	GlobalSection(ExtensibilityGlobals) = postSolution
		SolutionGuid = {49241EDF-7B72-417D-91FF-D9781D075479}
	EndGlobalSection
EndGlobal
